
Microsoft Visual Studio Solution File, Format Version 12.00
# Visual Studio Version 17
VisualStudioVersion = 17.3.32929.385
MinimumVisualStudioVersion = 10.0.40219.1
Project("{9A19103F-16F7-4668-BE54-9A1E7A4F7556}") = "SubmarineGameView", "SubmarineGamView\SubmarineGameView.csproj", "{4496E366-83B5-4701-B98D-06E60C479D00}"
EndProject
Project("{FAE04EC0-301F-11D3-BF4B-00C04F79EFBC}") = "SubmarineGameModel", "SubmarineGameModel\SubmarineGameModel.csproj", "{35D48589-5080-4DCF-86A6-29100F171ADB}"
EndProject
Project("{FAE04EC0-301F-11D3-BF4B-00C04F79EFBC}") = "SubmarineGameTest", "SubmarineGameTest\SubmarineGameTest.csproj", "{2A0E6B15-71EB-4765-9F58-E6989EC99BFF}"
EndProject
Global
	GlobalSection(SolutionConfigurationPlatforms) = preSolution
		Debug|Any CPU = Debug|Any CPU
		Release|Any CPU = Release|Any CPU
	EndGlobalSection
	GlobalSection(ProjectConfigurationPlatforms) = postSolution
		{4496E366-83B5-4701-B98D-06E60C479D00}.Debug|Any CPU.ActiveCfg = Debug|Any CPU
		{4496E366-83B5-4701-B98D-06E60C479D00}.Debug|Any CPU.Build.0 = Debug|Any CPU
		{4496E366-83B5-4701-B98D-06E60C479D00}.Release|Any CPU.ActiveCfg = Release|Any CPU
		{4496E366-83B5-4701-B98D-06E60C479D00}.Release|Any CPU.Build.0 = Release|Any CPU
		{35D48589-5080-4DCF-86A6-29100F171ADB}.Debug|Any CPU.ActiveCfg = Debug|Any CPU
		{35D48589-5080-4DCF-86A6-29100F171ADB}.Debug|Any CPU.Build.0 = Debug|Any CPU
		{35D48589-5080-4DCF-86A6-29100F171ADB}.Release|Any CPU.ActiveCfg = Release|Any CPU
		{35D48589-5080-4DCF-86A6-29100F171ADB}.Release|Any CPU.Build.0 = Release|Any CPU
		{2A0E6B15-71EB-4765-9F58-E6989EC99BFF}.Debug|Any CPU.ActiveCfg = Debug|Any CPU
		{2A0E6B15-71EB-4765-9F58-E6989EC99BFF}.Debug|Any CPU.Build.0 = Debug|Any CPU
		{2A0E6B15-71EB-4765-9F58-E6989EC99BFF}.Release|Any CPU.ActiveCfg = Release|Any CPU
		{2A0E6B15-71EB-4765-9F58-E6989EC99BFF}.Release|Any CPU.Build.0 = Release|Any CPU
	EndGlobalSection
	GlobalSection(SolutionProperties) = preSolution
		HideSolutionNode = FALSE
	EndGlobalSection
	GlobalSection(ExtensibilityGlobals) = postSolution
		SolutionGuid = {B9959109-AC47-4577-AE2B-1401B1FBE391}
	EndGlobalSection
EndGlobal
